
Microsoft Visual Studio Solution File, Format Version 12.00
# Visual Studio Version 17
VisualStudioVersion = 17.11.35222.181
MinimumVisualStudioVersion = 10.0.40219.1
Project("{FAE04EC0-301F-11D3-BF4B-00C04F79EFBC}") = "Final Task", "Final Task.csproj", "{3E4B41F1-18A2-45D2-B862-DE7767278875}"
EndProject
Global
	GlobalSection(SolutionConfigurationPlatforms) = preSolution
		Debug|Any CPU = Debug|Any CPU
		Release|Any CPU = Release|Any CPU
	EndGlobalSection
	GlobalSection(ProjectConfigurationPlatforms) = postSolution
		{3E4B41F1-18A2-45D2-B862-DE7767278875}.Debug|Any CPU.ActiveCfg = Debug|Any CPU
		{3E4B41F1-18A2-45D2-B862-DE7767278875}.Debug|Any CPU.Build.0 = Debug|Any CPU
		{3E4B41F1-18A2-45D2-B862-DE7767278875}.Release|Any CPU.ActiveCfg = Release|Any CPU
		{3E4B41F1-18A2-45D2-B862-DE7767278875}.Release|Any CPU.Build.0 = Release|Any CPU
	EndGlobalSection
	GlobalSection(SolutionProperties) = preSolution
		HideSolutionNode = FALSE
	EndGlobalSection
	GlobalSection(ExtensibilityGlobals) = postSolution
		SolutionGuid = {FDFC7A5F-36E3-4F99-B274-0F4B3D3FEC92}
	EndGlobalSection
EndGlobal
